
Microsoft Visual Studio Solution File, Format Version 12.00
# Visual Studio Version 17
VisualStudioVersion = 17.11.35303.130
MinimumVisualStudioVersion = 10.0.40219.1
Project("{FAE04EC0-301F-11D3-BF4B-00C04F79EFBC}") = "1-guess-a-number-iterative", "1-guess-a-number-iterative\1-guess-a-number-iterative.csproj", "{DE94A1B7-D57D-4285-9DD8-797F2A1077EE}"
EndProject
Global
	GlobalSection(SolutionConfigurationPlatforms) = preSolution
		Debug|Any CPU = Debug|Any CPU
		Release|Any CPU = Release|Any CPU
	EndGlobalSection
	GlobalSection(ProjectConfigurationPlatforms) = postSolution
		{DE94A1B7-D57D-4285-9DD8-797F2A1077EE}.Debug|Any CPU.ActiveCfg = Debug|Any CPU
		{DE94A1B7-D57D-4285-9DD8-797F2A1077EE}.Debug|Any CPU.Build.0 = Debug|Any CPU
		{DE94A1B7-D57D-4285-9DD8-797F2A1077EE}.Release|Any CPU.ActiveCfg = Release|Any CPU
		{DE94A1B7-D57D-4285-9DD8-797F2A1077EE}.Release|Any CPU.Build.0 = Release|Any CPU
	EndGlobalSection
	GlobalSection(SolutionProperties) = preSolution
		HideSolutionNode = FALSE
	EndGlobalSection
	GlobalSection(ExtensibilityGlobals) = postSolution
		SolutionGuid = {BF4FC1C5-20EF-4EBD-971F-FEE43E9A7ECC}
	EndGlobalSection
EndGlobal
